
Microsoft Visual Studio Solution File, Format Version 12.00
# Visual Studio Version 17
VisualStudioVersion = 17.5.33530.505
MinimumVisualStudioVersion = 10.0.40219.1
Project("{FAE04EC0-301F-11D3-BF4B-00C04F79EFBC}") = "Bank", "Bank.csproj", "{F924D30C-181E-4130-8E24-E9176DDFD5D0}"
EndProject
Global
	GlobalSection(SolutionConfigurationPlatforms) = preSolution
		Debug|Any CPU = Debug|Any CPU
		Release|Any CPU = Release|Any CPU
	EndGlobalSection
	GlobalSection(ProjectConfigurationPlatforms) = postSolution
		{F924D30C-181E-4130-8E24-E9176DDFD5D0}.Debug|Any CPU.ActiveCfg = Debug|Any CPU
		{F924D30C-181E-4130-8E24-E9176DDFD5D0}.Debug|Any CPU.Build.0 = Debug|Any CPU
		{F924D30C-181E-4130-8E24-E9176DDFD5D0}.Release|Any CPU.ActiveCfg = Release|Any CPU
		{F924D30C-181E-4130-8E24-E9176DDFD5D0}.Release|Any CPU.Build.0 = Release|Any CPU
	EndGlobalSection
	GlobalSection(SolutionProperties) = preSolution
		HideSolutionNode = FALSE
	EndGlobalSection
	GlobalSection(ExtensibilityGlobals) = postSolution
		SolutionGuid = {FA64CDE2-C3C9-4FF2-8740-4D90CD18152D}
	EndGlobalSection
EndGlobal
